// !$*UTF8*$!
{
	archiveVersion = 1;
	classes = {
	};
	objectVersion = 55;
	objects = {

/* Begin PBXBuildFile section */
		BF21838427E100D7001C46DA /* GraphView.swift in Sources */ = {isa = PBXBuildFile; fileRef = BF21838327E100D7001C46DA /* GraphView.swift */; };
		BF21838627E1012B001C46DA /* Sales.swift in Sources */ = {isa = PBXBuildFile; fileRef = BF21838527E1012B001C46DA /* Sales.swift */; };
		BF75593C27DFC9BA00F5CE1A /* SaaSDashboardApp.swift in Sources */ = {isa = PBXBuildFile; fileRef = BF75593B27DFC9BA00F5CE1A /* SaaSDashboardApp.swift */; };
		BF75593E27DFC9BA00F5CE1A /* ContentView.swift in Sources */ = {isa = PBXBuildFile; fileRef = BF75593D27DFC9BA00F5CE1A /* ContentView.swift */; };
		BF75594027DFC9BB00F5CE1A /* Assets.xcassets in Resources */ = {isa = PBXBuildFile; fileRef = BF75593F27DFC9BB00F5CE1A /* Assets.xcassets */; };
		BF75594327DFC9BB00F5CE1A /* Preview Assets.xcassets in Resources */ = {isa = PBXBuildFile; fileRef = BF75594227DFC9BB00F5CE1A /* Preview Assets.xcassets */; };
		BF75594A27DFD4D800F5CE1A /* Launch Screen.storyboard in Resources */ = {isa = PBXBuildFile; fileRef = BF75594927DFD4D800F5CE1A /* Launch Screen.storyboard */; };
		BF75594E27DFD71700F5CE1A /* BaseView.swift in Sources */ = {isa = PBXBuildFile; fileRef = BF75594D27DFD71700F5CE1A /* BaseView.swift */; };
		BF75595027DFDD5D00F5CE1A /* Home.swift in Sources */ = {isa = PBXBuildFile; fileRef = BF75594F27DFDD5D00F5CE1A /* Home.swift */; };
/* End PBXBuildFile section */

/* Begin PBXFileReference section */
		BF21838327E100D7001C46DA /* GraphView.swift */ = {isa = PBXFileReference; lastKnownFileType = sourcecode.swift; path = GraphView.swift; sourceTree = "<group>"; };
		BF21838527E1012B001C46DA /* Sales.swift */ = {isa = PBXFileReference; lastKnownFileType = sourcecode.swift; path = Sales.swift; sourceTree = "<group>"; };
		BF75593827DFC9BA00F5CE1A /* SaaSDashboard.app */ = {isa = PBXFileReference; explicitFileType = wrapper.application; includeInIndex = 0; path = SaaSDashboard.app; sourceTree = BUILT_PRODUCTS_DIR; };
		BF75593B27DFC9BA00F5CE1A /* SaaSDashboardApp.swift */ = {isa = PBXFileReference; lastKnownFileType = sourcecode.swift; path = SaaSDashboardApp.swift; sourceTree = "<group>"; };
		BF75593D27DFC9BA00F5CE1A /* ContentView.swift */ = {isa = PBXFileReference; lastKnownFileType = sourcecode.swift; path = ContentView.swift; sourceTree = "<group>"; };
		BF75593F27DFC9BB00F5CE1A /* Assets.xcassets */ = {isa = PBXFileReference; lastKnownFileType = folder.assetcatalog; path = Assets.xcassets; sourceTree = "<group>"; };
		BF75594227DFC9BB00F5CE1A /* Preview Assets.xcassets */ = {isa = PBXFileReference; lastKnownFileType = folder.assetcatalog; path = "Preview Assets.xcassets"; sourceTree = "<group>"; };
		BF75594927DFD4D800F5CE1A /* Launch Screen.storyboard */ = {isa = PBXFileReference; lastKnownFileType = file.storyboard; path = "Launch Screen.storyboard"; sourceTree = "<group>"; };
		BF75594D27DFD71700F5CE1A /* BaseView.swift */ = {isa = PBXFileReference; lastKnownFileType = sourcecode.swift; path = BaseView.swift; sourceTree = "<group>"; };
		BF75594F27DFDD5D00F5CE1A /* Home.swift */ = {isa = PBXFileReference; lastKnownFileType = sourcecode.swift; path = Home.swift; sourceTree = "<group>"; };
/* End PBXFileReference section */

/* Begin PBXFrameworksBuildPhase section */
		BF75593527DFC9BA00F5CE1A /* Frameworks */ = {
			isa = PBXFrameworksBuildPhase;
			buildActionMask = 2147483647;
			files = (
			);
			runOnlyForDeploymentPostprocessing = 0;
		};
/* End PBXFrameworksBuildPhase section */

/* Begin PBXGroup section */
		BF75592F27DFC9B900F5CE1A = {
			isa = PBXGroup;
			children = (
				BF75593A27DFC9BA00F5CE1A /* SaaSDashboard */,
				BF75593927DFC9BA00F5CE1A /* Products */,
			);
			sourceTree = "<group>";
		};
		BF75593927DFC9BA00F5CE1A /* Products */ = {
			isa = PBXGroup;
			children = (
				BF75593827DFC9BA00F5CE1A /* SaaSDashboard.app */,
			);
			name = Products;
			sourceTree = "<group>";
		};
		BF75593A27DFC9BA00F5CE1A /* SaaSDashboard */ = {
			isa = PBXGroup;
			children = (
				BF75594C27DFD70200F5CE1A /* Model */,
				BF75594B27DFD6FA00F5CE1A /* View */,
				BF75593B27DFC9BA00F5CE1A /* SaaSDashboardApp.swift */,
				BF75593D27DFC9BA00F5CE1A /* ContentView.swift */,
				BF75593F27DFC9BB00F5CE1A /* Assets.xcassets */,
				BF75594127DFC9BB00F5CE1A /* Preview Content */,
				BF75594927DFD4D800F5CE1A /* Launch Screen.storyboard */,
			);
			path = SaaSDashboard;
			sourceTree = "<group>";
		};
		BF75594127DFC9BB00F5CE1A /* Preview Content */ = {
			isa = PBXGroup;
			children = (
				BF75594227DFC9BB00F5CE1A /* Preview Assets.xcassets */,
			);
			path = "Preview Content";
			sourceTree = "<group>";
		};
		BF75594B27DFD6FA00F5CE1A /* View */ = {
			isa = PBXGroup;
			children = (
				BF75594D27DFD71700F5CE1A /* BaseView.swift */,
				BF75594F27DFDD5D00F5CE1A /* Home.swift */,
				BF21838327E100D7001C46DA /* GraphView.swift */,
			);
			path = View;
			sourceTree = "<group>";
		};
		BF75594C27DFD70200F5CE1A /* Model */ = {
			isa = PBXGroup;
			children = (
				BF21838527E1012B001C46DA /* Sales.swift */,
			);
			path = Model;
			sourceTree = "<group>";
		};
/* End PBXGroup section */

/* Begin PBXNativeTarget section */
		BF75593727DFC9BA00F5CE1A /* SaaSDashboard */ = {
			isa = PBXNativeTarget;
			buildConfigurationList = BF75594627DFC9BB00F5CE1A /* Build configuration list for PBXNativeTarget "SaaSDashboard" */;
			buildPhases = (
				BF75593427DFC9BA00F5CE1A /* Sources */,
				BF75593527DFC9BA00F5CE1A /* Frameworks */,
				BF75593627DFC9BA00F5CE1A /* Resources */,
			);
			buildRules = (
			);
			dependencies = (
			);
			name = SaaSDashboard;
			productName = SaaSDashboard;
			productReference = BF75593827DFC9BA00F5CE1A /* SaaSDashboard.app */;
			productType = "com.apple.product-type.application";
		};
/* End PBXNativeTarget section */

/* Begin PBXProject section */
		BF75593027DFC9B900F5CE1A /* Project object */ = {
			isa = PBXProject;
			attributes = {
				BuildIndependentTargetsInParallel = 1;
				LastSwiftUpdateCheck = 1320;
				LastUpgradeCheck = 1320;
				TargetAttributes = {
					BF75593727DFC9BA00F5CE1A = {
						CreatedOnToolsVersion = 13.2.1;
					};
				};
			};
			buildConfigurationList = BF75593327DFC9B900F5CE1A /* Build configuration list for PBXProject "SaaSDashboard" */;
			compatibilityVersion = "Xcode 13.0";
			developmentRegion = en;
			hasScannedForEncodings = 0;
			knownRegions = (
				en,
				Base,
			);
			mainGroup = BF75592F27DFC9B900F5CE1A;
			productRefGroup = BF75593927DFC9BA00F5CE1A /* Products */;
			projectDirPath = "";
			projectRoot = "";
			targets = (
				BF75593727DFC9BA00F5CE1A /* SaaSDashboard */,
			);
		};
/* End PBXProject section */

/* Begin PBXResourcesBuildPhase section */
		BF75593627DFC9BA00F5CE1A /* Resources */ = {
			isa = PBXResourcesBuildPhase;
			buildActionMask = 2147483647;
			files = (
				BF75594A27DFD4D800F5CE1A /* Launch Screen.storyboard in Resources */,
				BF75594327DFC9BB00F5CE1A /* Preview Assets.xcassets in Resources */,
				BF75594027DFC9BB00F5CE1A /* Assets.xcassets in Resources */,
			);
			runOnlyForDeploymentPostprocessing = 0;
		};
/* End PBXResourcesBuildPhase section */

/* Begin PBXSourcesBuildPhase section */
		BF75593427DFC9BA00F5CE1A /* Sources */ = {
			isa = PBXSourcesBuildPhase;
			buildActionMask = 2147483647;
			files = (
				BF21838427E100D7001C46DA /* GraphView.swift in Sources */,
				BF75594E27DFD71700F5CE1A /* BaseView.swift in Sources */,
				BF75593E27DFC9BA00F5CE1A /* ContentView.swift in Sources */,
				BF21838627E1012B001C46DA /* Sales.swift in Sources */,
				BF75595027DFDD5D00F5CE1A /* Home.swift in Sources */,
				BF75593C27DFC9BA00F5CE1A /* SaaSDashboardApp.swift in Sources */,
			);
			runOnlyForDeploymentPostprocessing = 0;
		};
/* End PBXSourcesBuildPhase section */

/* Begin XCBuildConfiguration section */
		BF75594427DFC9BB00F5CE1A /* Debug */ = {
			isa = XCBuildConfiguration;
			buildSettings = {
				ALWAYS_SEARCH_USER_PATHS = NO;
				CLANG_ANALYZER_NONNULL = YES;
				CLANG_ANALYZER_NUMBER_OBJECT_CONVERSION = YES_AGGRESSIVE;
				CLANG_CXX_LANGUAGE_STANDARD = "gnu++17";
				CLANG_CXX_LIBRARY = "libc++";
				CLANG_ENABLE_MODULES = YES;
				CLANG_ENABLE_OBJC_ARC = YES;
				CLANG_ENABLE_OBJC_WEAK = YES;
				CLANG_WARN_BLOCK_CAPTURE_AUTORELEASING = YES;
				CLANG_WARN_BOOL_CONVERSION = YES;
				CLANG_WARN_COMMA = YES;
				CLANG_WARN_CONSTANT_CONVERSION = YES;
				CLANG_WARN_DEPRECATED_OBJC_IMPLEMENTATIONS = YES;
				CLANG_WARN_DIRECT_OBJC_ISA_USAGE = YES_ERROR;
				CLANG_WARN_DOCUMENTATION_COMMENTS = YES;
				CLANG_WARN_EMPTY_BODY = YES;
				CLANG_WARN_ENUM_CONVERSION = YES;
				CLANG_WARN_INFINITE_RECURSION = YES;
				CLANG_WARN_INT_CONVERSION = YES;
				CLANG_WARN_NON_LITERAL_NULL_CONVERSION = YES;
				CLANG_WARN_OBJC_IMPLICIT_RETAIN_SELF = YES;
				CLANG_WARN_OBJC_LITERAL_CONVERSION = YES;
				CLANG_WARN_OBJC_ROOT_CLASS = YES_ERROR;
				CLANG_WARN_QUOTED_INCLUDE_IN_FRAMEWORK_HEADER = YES;
				CLANG_WARN_RANGE_LOOP_ANALYSIS = YES;
				CLANG_WARN_STRICT_PROTOTYPES = YES;
				CLANG_WARN_SUSPICIOUS_MOVE = YES;
				CLANG_WARN_UNGUARDED_AVAILABILITY = YES_AGGRESSIVE;
				CLANG_WARN_UNREACHABLE_CODE = YES;
				CLANG_WARN__DUPLICATE_METHOD_MATCH = YES;
				COPY_PHASE_STRIP = NO;
				DEBUG_INFORMATION_FORMAT = dwarf;
				ENABLE_STRICT_OBJC_MSGSEND = YES;
				ENABLE_TESTABILITY = YES;
				GCC_C_LANGUAGE_STANDARD = gnu11;
				GCC_DYNAMIC_NO_PIC = NO;
				GCC_NO_COMMON_BLOCKS = YES;
				GCC_OPTIMIZATION_LEVEL = 0;
				GCC_PREPROCESSOR_DEFINITIONS = (
					"DEBUG=1",
					"$(inherited)",
				);
				GCC_WARN_64_TO_32_BIT_CONVERSION = YES;
				GCC_WARN_ABOUT_RETURN_TYPE = YES_ERROR;
				GCC_WARN_UNDECLARED_SELECTOR = YES;
				GCC_WARN_UNINITIALIZED_AUTOS = YES_AGGRESSIVE;
				GCC_WARN_UNUSED_FUNCTION = YES;
				GCC_WARN_UNUSED_VARIABLE = YES;
				IPHONEOS_DEPLOYMENT_TARGET = 15.2;
				MTL_ENABLE_DEBUG_INFO = INCLUDE_SOURCE;
				MTL_FAST_MATH = YES;
				ONLY_ACTIVE_ARCH = YES;
				SDKROOT = iphoneos;
				SWIFT_ACTIVE_COMPILATION_CONDITIONS = DEBUG;
				SWIFT_OPTIMIZATION_LEVEL = "-Onone";
			};
			name = Debug;
		};
		BF75594527DFC9BB00F5CE1A /* Release */ = {
			isa = XCBuildConfiguration;
			buildSettings = {
				ALWAYS_SEARCH_USER_PATHS = NO;
				CLANG_ANALYZER_NONNULL = YES;
				CLANG_ANALYZER_NUMBER_OBJECT_CONVERSION = YES_AGGRESSIVE;
				CLANG_CXX_LANGUAGE_STANDARD = "gnu++17";
				CLANG_CXX_LIBRARY = "libc++";
				CLANG_ENABLE_MODULES = YES;
				CLANG_ENABLE_OBJC_ARC = YES;
				CLANG_ENABLE_OBJC_WEAK = YES;
				CLANG_WARN_BLOCK_CAPTURE_AUTORELEASING = YES;
				CLANG_WARN_BOOL_CONVERSION = YES;
				CLANG_WARN_COMMA = YES;
				CLANG_WARN_CONSTANT_CONVERSION = YES;
				CLANG_WARN_DEPRECATED_OBJC_IMPLEMENTATIONS = YES;
				CLANG_WARN_DIRECT_OBJC_ISA_USAGE = YES_ERROR;
				CLANG_WARN_DOCUMENTATION_COMMENTS = YES;
				CLANG_WARN_EMPTY_BODY = YES;
				CLANG_WARN_ENUM_CONVERSION = YES;
				CLANG_WARN_INFINITE_RECURSION = YES;
				CLANG_WARN_INT_CONVERSION = YES;
				CLANG_WARN_NON_LITERAL_NULL_CONVERSION = YES;
				CLANG_WARN_OBJC_IMPLICIT_RETAIN_SELF = YES;
				CLANG_WARN_OBJC_LITERAL_CONVERSION = YES;
				CLANG_WARN_OBJC_ROOT_CLASS = YES_ERROR;
				CLANG_WARN_QUOTED_INCLUDE_IN_FRAMEWORK_HEADER = YES;
				CLANG_WARN_RANGE_LOOP_ANALYSIS = YES;
				CLANG_WARN_STRICT_PROTOTYPES = YES;
				CLANG_WARN_SUSPICIOUS_MOVE = YES;
				CLANG_WARN_UNGUARDED_AVAILABILITY = YES_AGGRESSIVE;
				CLANG_WARN_UNREACHABLE_CODE = YES;
				CLANG_WARN__DUPLICATE_METHOD_MATCH = YES;
				COPY_PHASE_STRIP = NO;
				DEBUG_INFORMATION_FORMAT = "dwarf-with-dsym";
				ENABLE_NS_ASSERTIONS = NO;
				ENABLE_STRICT_OBJC_MSGSEND = YES;
				GCC_C_LANGUAGE_STANDARD = gnu11;
				GCC_NO_COMMON_BLOCKS = YES;
				GCC_WARN_64_TO_32_BIT_CONVERSION = YES;
				GCC_WARN_ABOUT_RETURN_TYPE = YES_ERROR;
				GCC_WARN_UNDECLARED_SELECTOR = YES;
				GCC_WARN_UNINITIALIZED_AUTOS = YES_AGGRESSIVE;
				GCC_WARN_UNUSED_FUNCTION = YES;
				GCC_WARN_UNUSED_VARIABLE = YES;
				IPHONEOS_DEPLOYMENT_TARGET = 15.2;
				MTL_ENABLE_DEBUG_INFO = NO;
				MTL_FAST_MATH = YES;
				SDKROOT = iphoneos;
				SWIFT_COMPILATION_MODE = wholemodule;
				SWIFT_OPTIMIZATION_LEVEL = "-O";
				VALIDATE_PRODUCT = YES;
			};
			name = Release;
		};
		BF75594727DFC9BB00F5CE1A /* Debug */ = {
			isa = XCBuildConfiguration;
			buildSettings = {
				ASSETCATALOG_COMPILER_APPICON_NAME = AppIcon;
				ASSETCATALOG_COMPILER_GLOBAL_ACCENT_COLOR_NAME = AccentColor;
				CODE_SIGN_STYLE = Automatic;
				CURRENT_PROJECT_VERSION = 1;
				DEVELOPMENT_ASSET_PATHS = "\"SaaSDashboard/Preview Content\"";
				ENABLE_PREVIEWS = YES;
				GENERATE_INFOPLIST_FILE = YES;
				INFOPLIST_KEY_UIApplicationSceneManifest_Generation = YES;
				INFOPLIST_KEY_UIApplicationSupportsIndirectInputEvents = YES;
				INFOPLIST_KEY_UILaunchScreen_Generation = YES;
				INFOPLIST_KEY_UILaunchStoryboardName = "Launch Screen";
				INFOPLIST_KEY_UISupportedInterfaceOrientations_iPad = "UIInterfaceOrientationPortrait UIInterfaceOrientationPortraitUpsideDown UIInterfaceOrientationLandscapeLeft UIInterfaceOrientationLandscapeRight";
				INFOPLIST_KEY_UISupportedInterfaceOrientations_iPhone = UIInterfaceOrientationPortrait;
				LD_RUNPATH_SEARCH_PATHS = (
					"$(inherited)",
					"@executable_path/Frameworks",
				);
				MARKETING_VERSION = 1.0;
				PRODUCT_BUNDLE_IDENTIFIER = com.orixlab.SaaSDashboard;
				PRODUCT_NAME = "$(TARGET_NAME)";
				SWIFT_EMIT_LOC_STRINGS = YES;
				SWIFT_VERSION = 5.0;
				TARGETED_DEVICE_FAMILY = "1,2";
			};
			name = Debug;
		};
		BF75594827DFC9BB00F5CE1A /* Release */ = {
			isa = XCBuildConfiguration;
			buildSettings = {
				ASSETCATALOG_COMPILER_APPICON_NAME = AppIcon;
				ASSETCATALOG_COMPILER_GLOBAL_ACCENT_COLOR_NAME = AccentColor;
				CODE_SIGN_STYLE = Automatic;
				CURRENT_PROJECT_VERSION = 1;
				DEVELOPMENT_ASSET_PATHS = "\"SaaSDashboard/Preview Content\"";
				ENABLE_PREVIEWS = YES;
				GENERATE_INFOPLIST_FILE = YES;
				INFOPLIST_KEY_UIApplicationSceneManifest_Generation = YES;
				INFOPLIST_KEY_UIApplicationSupportsIndirectInputEvents = YES;
				INFOPLIST_KEY_UILaunchScreen_Generation = YES;
				INFOPLIST_KEY_UILaunchStoryboardName = "Launch Screen";
				INFOPLIST_KEY_UISupportedInterfaceOrientations_iPad = "UIInterfaceOrientationPortrait UIInterfaceOrientationPortraitUpsideDown UIInterfaceOrientationLandscapeLeft UIInterfaceOrientationLandscapeRight";
				INFOPLIST_KEY_UISupportedInterfaceOrientations_iPhone = UIInterfaceOrientationPortrait;
				LD_RUNPATH_SEARCH_PATHS = (
					"$(inherited)",
					"@executable_path/Frameworks",
				);
				MARKETING_VERSION = 1.0;
				PRODUCT_BUNDLE_IDENTIFIER = com.orixlab.SaaSDashboard;
				PRODUCT_NAME = "$(TARGET_NAME)";
				SWIFT_EMIT_LOC_STRINGS = YES;
				SWIFT_VERSION = 5.0;
				TARGETED_DEVICE_FAMILY = "1,2";
			};
			name = Release;
		};
/* End XCBuildConfiguration section */

/* Begin XCConfigurationList section */
		BF75593327DFC9B900F5CE1A /* Build configuration list for PBXProject "SaaSDashboard" */ = {
			isa = XCConfigurationList;
			buildConfigurations = (
				BF75594427DFC9BB00F5CE1A /* Debug */,
				BF75594527DFC9BB00F5CE1A /* Release */,
			);
			defaultConfigurationIsVisible = 0;
			defaultConfigurationName = Release;
		};
		BF75594627DFC9BB00F5CE1A /* Build configuration list for PBXNativeTarget "SaaSDashboard" */ = {
			isa = XCConfigurationList;
			buildConfigurations = (
				BF75594727DFC9BB00F5CE1A /* Debug */,
				BF75594827DFC9BB00F5CE1A /* Release */,
			);
			defaultConfigurationIsVisible = 0;
			defaultConfigurationName = Release;
		};
/* End XCConfigurationList section */
	};
	rootObject = BF75593027DFC9B900F5CE1A /* Project object */;
}
